// !$*UTF8*$!
{
	archiveVersion = 1;
	classes = {
	};
	objectVersion = 46;
	objects = {

/* Begin PBXBuildFile section */
		AE628E001E80E3BA009AEA4C /* main.m in Sources */ = {isa = PBXBuildFile; fileRef = AE628DFF1E80E3BA009AEA4C /* main.m */; };
		AE628E031E80E3BA009AEA4C /* AppDelegate.m in Sources */ = {isa = PBXBuildFile; fileRef = AE628E021E80E3BA009AEA4C /* AppDelegate.m */; };
		AE628E061E80E3BA009AEA4C /* ViewController.m in Sources */ = {isa = PBXBuildFile; fileRef = AE628E051E80E3BA009AEA4C /* ViewController.m */; };
		AE628E091E80E3BA009AEA4C /* Main.storyboard in Resources */ = {isa = PBXBuildFile; fileRef = AE628E071E80E3BA009AEA4C /* Main.storyboard */; };
		AE628E0B1E80E3BA009AEA4C /* Assets.xcassets in Resources */ = {isa = PBXBuildFile; fileRef = AE628E0A1E80E3BA009AEA4C /* Assets.xcassets */; };
		AE628E0E1E80E3BA009AEA4C /* LaunchScreen.storyboard in Resources */ = {isa = PBXBuildFile; fileRef = AE628E0C1E80E3BA009AEA4C /* LaunchScreen.storyboard */; };
/* End PBXBuildFile section */

/* Begin PBXFileReference section */
		AE628DFB1E80E3BA009AEA4C /* MacrosWeightTracker.app */ = {isa = PBXFileReference; explicitFileType = wrapper.application; includeInIndex = 0; path = MacrosWeightTracker.app; sourceTree = BUILT_PRODUCTS_DIR; };
		AE628DFF1E80E3BA009AEA4C /* main.m */ = {isa = PBXFileReference; lastKnownFileType = sourcecode.c.objc; path = main.m; sourceTree = "<group>"; };
		AE628E011E80E3BA009AEA4C /* AppDelegate.h */ = {isa = PBXFileReference; lastKnownFileType = sourcecode.c.h; path = AppDelegate.h; sourceTree = "<group>"; };
		AE628E021E80E3BA009AEA4C /* AppDelegate.m */ = {isa = PBXFileReference; lastKnownFileType = sourcecode.c.objc; path = AppDelegate.m; sourceTree = "<group>"; };
		AE628E041E80E3BA009AEA4C /* ViewController.h */ = {isa = PBXFileReference; lastKnownFileType = sourcecode.c.h; path = ViewController.h; sourceTree = "<group>"; };
		AE628E051E80E3BA009AEA4C /* ViewController.m */ = {isa = PBXFileReference; lastKnownFileType = sourcecode.c.objc; path = ViewController.m; sourceTree = "<group>"; };
		AE628E081E80E3BA009AEA4C /* Base */ = {isa = PBXFileReference; lastKnownFileType = file.storyboard; name = Base; path = Base.lproj/Main.storyboard; sourceTree = "<group>"; };
		AE628E0A1E80E3BA009AEA4C /* Assets.xcassets */ = {isa = PBXFileReference; lastKnownFileType = folder.assetcatalog; path = Assets.xcassets; sourceTree = "<group>"; };
		AE628E0D1E80E3BA009AEA4C /* Base */ = {isa = PBXFileReference; lastKnownFileType = file.storyboard; name = Base; path = Base.lproj/LaunchScreen.storyboard; sourceTree = "<group>"; };
		AE628E0F1E80E3BA009AEA4C /* Info.plist */ = {isa = PBXFileReference; lastKnownFileType = text.plist.xml; path = Info.plist; sourceTree = "<group>"; };
/* End PBXFileReference section */

/* Begin PBXFrameworksBuildPhase section */
		AE628DF81E80E3BA009AEA4C /* Frameworks */ = {
			isa = PBXFrameworksBuildPhase;
			buildActionMask = 2147483647;
			files = (
			);
			runOnlyForDeploymentPostprocessing = 0;
		};
/* End PBXFrameworksBuildPhase section */

/* Begin PBXGroup section */
		AE628DF21E80E3BA009AEA4C = {
			isa = PBXGroup;
			children = (
				AE628DFD1E80E3BA009AEA4C /* MacrosWeightTracker */,
				AE628DFC1E80E3BA009AEA4C /* Products */,
			);
			sourceTree = "<group>";
		};
		AE628DFC1E80E3BA009AEA4C /* Products */ = {
			isa = PBXGroup;
			children = (
				AE628DFB1E80E3BA009AEA4C /* MacrosWeightTracker.app */,
			);
			name = Products;
			sourceTree = "<group>";
		};
		AE628DFD1E80E3BA009AEA4C /* MacrosWeightTracker */ = {
			isa = PBXGroup;
			children = (
				AE628E011E80E3BA009AEA4C /* AppDelegate.h */,
				AE628E021E80E3BA009AEA4C /* AppDelegate.m */,
				AE628E041E80E3BA009AEA4C /* ViewController.h */,
				AE628E051E80E3BA009AEA4C /* ViewController.m */,
				AE628E071E80E3BA009AEA4C /* Main.storyboard */,
				AE628E0A1E80E3BA009AEA4C /* Assets.xcassets */,
				AE628E0C1E80E3BA009AEA4C /* LaunchScreen.storyboard */,
				AE628E0F1E80E3BA009AEA4C /* Info.plist */,
				AE628DFE1E80E3BA009AEA4C /* Supporting Files */,
			);
			path = MacrosWeightTracker;
			sourceTree = "<group>";
		};
		AE628DFE1E80E3BA009AEA4C /* Supporting Files */ = {
			isa = PBXGroup;
			children = (
				AE628DFF1E80E3BA009AEA4C /* main.m */,
			);
			name = "Supporting Files";
			sourceTree = "<group>";
		};
/* End PBXGroup section */

/* Begin PBXNativeTarget section */
		AE628DFA1E80E3BA009AEA4C /* MacrosWeightTracker */ = {
			isa = PBXNativeTarget;
			buildConfigurationList = AE628E121E80E3BA009AEA4C /* Build configuration list for PBXNativeTarget "MacrosWeightTracker" */;
			buildPhases = (
				AE628DF71E80E3BA009AEA4C /* Sources */,
				AE628DF81E80E3BA009AEA4C /* Frameworks */,
				AE628DF91E80E3BA009AEA4C /* Resources */,
			);
			buildRules = (
			);
			dependencies = (
			);
			name = MacrosWeightTracker;
			productName = MacrosWeightTracker;
			productReference = AE628DFB1E80E3BA009AEA4C /* MacrosWeightTracker.app */;
			productType = "com.apple.product-type.application";
		};
/* End PBXNativeTarget section */

/* Begin PBXProject section */
		AE628DF31E80E3BA009AEA4C /* Project object */ = {
			isa = PBXProject;
			attributes = {
				LastUpgradeCheck = 0820;
				ORGANIZATIONNAME = "Yangzi He";
				TargetAttributes = {
					AE628DFA1E80E3BA009AEA4C = {
						CreatedOnToolsVersion = 8.2.1;
						DevelopmentTeam = 842V9DJGLU;
						ProvisioningStyle = Automatic;
					};
				};
			};
			buildConfigurationList = AE628DF61E80E3BA009AEA4C /* Build configuration list for PBXProject "MacrosWeightTracker" */;
			compatibilityVersion = "Xcode 3.2";
			developmentRegion = English;
			hasScannedForEncodings = 0;
			knownRegions = (
				en,
				Base,
			);
			mainGroup = AE628DF21E80E3BA009AEA4C;
			productRefGroup = AE628DFC1E80E3BA009AEA4C /* Products */;
			projectDirPath = "";
			projectRoot = "";
			targets = (
				AE628DFA1E80E3BA009AEA4C /* MacrosWeightTracker */,
			);
		};
/* End PBXProject section */

/* Begin PBXResourcesBuildPhase section */
		AE628DF91E80E3BA009AEA4C /* Resources */ = {
			isa = PBXResourcesBuildPhase;
			buildActionMask = 2147483647;
			files = (
				AE628E0E1E80E3BA009AEA4C /* LaunchScreen.storyboard in Resources */,
				AE628E0B1E80E3BA009AEA4C /* Assets.xcassets in Resources */,
				AE628E091E80E3BA009AEA4C /* Main.storyboard in Resources */,
			);
			runOnlyForDeploymentPostprocessing = 0;
		};
/* End PBXResourcesBuildPhase section */

/* Begin PBXSourcesBuildPhase section */
		AE628DF71E80E3BA009AEA4C /* Sources */ = {
			isa = PBXSourcesBuildPhase;
			buildActionMask = 2147483647;
			files = (
				AE628E061E80E3BA009AEA4C /* ViewController.m in Sources */,
				AE628E031E80E3BA009AEA4C /* AppDelegate.m in Sources */,
				AE628E001E80E3BA009AEA4C /* main.m in Sources */,
			);
			runOnlyForDeploymentPostprocessing = 0;
		};
/* End PBXSourcesBuildPhase section */

/* Begin PBXVariantGroup section */
		AE628E071E80E3BA009AEA4C /* Main.storyboard */ = {
			isa = PBXVariantGroup;
			children = (
				AE628E081E80E3BA009AEA4C /* Base */,
			);
			name = Main.storyboard;
			sourceTree = "<group>";
		};
		AE628E0C1E80E3BA009AEA4C /* LaunchScreen.storyboard */ = {
			isa = PBXVariantGroup;
			children = (
				AE628E0D1E80E3BA009AEA4C /* Base */,
			);
			name = LaunchScreen.storyboard;
			sourceTree = "<group>";
		};
/* End PBXVariantGroup section */

/* Begin XCBuildConfiguration section */
		AE628E101E80E3BA009AEA4C /* Debug */ = {
			isa = XCBuildConfiguration;
			buildSettings = {
				ALWAYS_SEARCH_USER_PATHS = NO;
				CLANG_ANALYZER_NONNULL = YES;
				CLANG_CXX_LANGUAGE_STANDARD = "gnu++0x";
				CLANG_CXX_LIBRARY = "libc++";
				CLANG_ENABLE_MODULES = YES;
				CLANG_ENABLE_OBJC_ARC = YES;
				CLANG_WARN_BOOL_CONVERSION = YES;
				CLANG_WARN_CONSTANT_CONVERSION = YES;
				CLANG_WARN_DIRECT_OBJC_ISA_USAGE = YES_ERROR;
				CLANG_WARN_DOCUMENTATION_COMMENTS = YES;
				CLANG_WARN_EMPTY_BODY = YES;
				CLANG_WARN_ENUM_CONVERSION = YES;
				CLANG_WARN_INFINITE_RECURSION = YES;
				CLANG_WARN_INT_CONVERSION = YES;
				CLANG_WARN_OBJC_ROOT_CLASS = YES_ERROR;
				CLANG_WARN_SUSPICIOUS_MOVE = YES;
				CLANG_WARN_UNREACHABLE_CODE = YES;
				CLANG_WARN__DUPLICATE_METHOD_MATCH = YES;
				"CODE_SIGN_IDENTITY[sdk=iphoneos*]" = "iPhone Developer";
				COPY_PHASE_STRIP = NO;
				DEBUG_INFORMATION_FORMAT = dwarf;
				ENABLE_STRICT_OBJC_MSGSEND = YES;
				ENABLE_TESTABILITY = YES;
				GCC_C_LANGUAGE_STANDARD = gnu99;
				GCC_DYNAMIC_NO_PIC = NO;
				GCC_NO_COMMON_BLOCKS = YES;
				GCC_OPTIMIZATION_LEVEL = 0;
				GCC_PREPROCESSOR_DEFINITIONS = (
					"DEBUG=1",
					"$(inherited)",
				);
				GCC_WARN_64_TO_32_BIT_CONVERSION = YES;
				GCC_WARN_ABOUT_RETURN_TYPE = YES_ERROR;
				GCC_WARN_UNDECLARED_SELECTOR = YES;
				GCC_WARN_UNINITIALIZED_AUTOS = YES_AGGRESSIVE;
				GCC_WARN_UNUSED_FUNCTION = YES;
				GCC_WARN_UNUSED_VARIABLE = YES;
				IPHONEOS_DEPLOYMENT_TARGET = 10.2;
				MTL_ENABLE_DEBUG_INFO = YES;
				ONLY_ACTIVE_ARCH = YES;
				SDKROOT = iphoneos;
			};
			name = Debug;
		};
		AE628E111E80E3BA009AEA4C /* Release */ = {
			isa = XCBuildConfiguration;
			buildSettings = {
				ALWAYS_SEARCH_USER_PATHS = NO;
				CLANG_ANALYZER_NONNULL = YES;
				CLANG_CXX_LANGUAGE_STANDARD = "gnu++0x";
				CLANG_CXX_LIBRARY = "libc++";
				CLANG_ENABLE_MODULES = YES;
				CLANG_ENABLE_OBJC_ARC = YES;
				CLANG_WARN_BOOL_CONVERSION = YES;
				CLANG_WARN_CONSTANT_CONVERSION = YES;
				CLANG_WARN_DIRECT_OBJC_ISA_USAGE = YES_ERROR;
				CLANG_WARN_DOCUMENTATION_COMMENTS = YES;
				CLANG_WARN_EMPTY_BODY = YES;
				CLANG_WARN_ENUM_CONVERSION = YES;
				CLANG_WARN_INFINITE_RECURSION = YES;
				CLANG_WARN_INT_CONVERSION = YES;
				CLANG_WARN_OBJC_ROOT_CLASS = YES_ERROR;
				CLANG_WARN_SUSPICIOUS_MOVE = YES;
				CLANG_WARN_UNREACHABLE_CODE = YES;
				CLANG_WARN__DUPLICATE_METHOD_MATCH = YES;
				"CODE_SIGN_IDENTITY[sdk=iphoneos*]" = "iPhone Developer";
				COPY_PHASE_STRIP = NO;
				DEBUG_INFORMATION_FORMAT = "dwarf-with-dsym";
				ENABLE_NS_ASSERTIONS = NO;
				ENABLE_STRICT_OBJC_MSGSEND = YES;
				GCC_C_LANGUAGE_STANDARD = gnu99;
				GCC_NO_COMMON_BLOCKS = YES;
				GCC_WARN_64_TO_32_BIT_CONVERSION = YES;
				GCC_WARN_ABOUT_RETURN_TYPE = YES_ERROR;
				GCC_WARN_UNDECLARED_SELECTOR = YES;
				GCC_WARN_UNINITIALIZED_AUTOS = YES_AGGRESSIVE;
				GCC_WARN_UNUSED_FUNCTION = YES;
				GCC_WARN_UNUSED_VARIABLE = YES;
				IPHONEOS_DEPLOYMENT_TARGET = 10.2;
				MTL_ENABLE_DEBUG_INFO = NO;
				SDKROOT = iphoneos;
				VALIDATE_PRODUCT = YES;
			};
			name = Release;
		};
		AE628E131E80E3BA009AEA4C /* Debug */ = {
			isa = XCBuildConfiguration;
			buildSettings = {
				ASSETCATALOG_COMPILER_APPICON_NAME = AppIcon;
				DEVELOPMENT_TEAM = 842V9DJGLU;
				INFOPLIST_FILE = MacrosWeightTracker/Info.plist;
				LD_RUNPATH_SEARCH_PATHS = "$(inherited) @executable_path/Frameworks";
				PRODUCT_BUNDLE_IDENTIFIER = com.theyangziriver.MacrosWeightTracker;
				PRODUCT_NAME = "$(TARGET_NAME)";
			};
			name = Debug;
		};
		AE628E141E80E3BA009AEA4C /* Release */ = {
			isa = XCBuildConfiguration;
			buildSettings = {
				ASSETCATALOG_COMPILER_APPICON_NAME = AppIcon;
				DEVELOPMENT_TEAM = 842V9DJGLU;
				INFOPLIST_FILE = MacrosWeightTracker/Info.plist;
				LD_RUNPATH_SEARCH_PATHS = "$(inherited) @executable_path/Frameworks";
				PRODUCT_BUNDLE_IDENTIFIER = com.theyangziriver.MacrosWeightTracker;
				PRODUCT_NAME = "$(TARGET_NAME)";
			};
			name = Release;
		};
/* End XCBuildConfiguration section */

/* Begin XCConfigurationList section */
		AE628DF61E80E3BA009AEA4C /* Build configuration list for PBXProject "MacrosWeightTracker" */ = {
			isa = XCConfigurationList;
			buildConfigurations = (
				AE628E101E80E3BA009AEA4C /* Debug */,
				AE628E111E80E3BA009AEA4C /* Release */,
			);
			defaultConfigurationIsVisible = 0;
			defaultConfigurationName = Release;
		};
		AE628E121E80E3BA009AEA4C /* Build configuration list for PBXNativeTarget "MacrosWeightTracker" */ = {
			isa = XCConfigurationList;
			buildConfigurations = (
				AE628E131E80E3BA009AEA4C /* Debug */,
				AE628E141E80E3BA009AEA4C /* Release */,
			);
			defaultConfigurationIsVisible = 0;
		};
/* End XCConfigurationList section */
	};
	rootObject = AE628DF31E80E3BA009AEA4C /* Project object */;
}
