// !$*UTF8*$!
{
	archiveVersion = 1;
	classes = {
	};
	objectVersion = 46;
	objects = {

/* Begin PBXBuildFile section */
		478CC2BD0F54D0B3E893484B /* Pods_MacrosWeightTracker.framework in Frameworks */ = {isa = PBXBuildFile; fileRef = 76997E1DB0C7B897225A9959 /* Pods_MacrosWeightTracker.framework */; };
		AE5868151F2403DE00E7C782 /* MWTMacrosOverviewViewController.m in Sources */ = {isa = PBXBuildFile; fileRef = AE5868141F2403DE00E7C782 /* MWTMacrosOverviewViewController.m */; };
		AE628E001E80E3BA009AEA4C /* main.m in Sources */ = {isa = PBXBuildFile; fileRef = AE628DFF1E80E3BA009AEA4C /* main.m */; };
		AE628E031E80E3BA009AEA4C /* AppDelegate.m in Sources */ = {isa = PBXBuildFile; fileRef = AE628E021E80E3BA009AEA4C /* AppDelegate.m */; };
		AE628E061E80E3BA009AEA4C /* MWTDailyMealViewController.m in Sources */ = {isa = PBXBuildFile; fileRef = AE628E051E80E3BA009AEA4C /* MWTDailyMealViewController.m */; };
		AE628E091E80E3BA009AEA4C /* Main.storyboard in Resources */ = {isa = PBXBuildFile; fileRef = AE628E071E80E3BA009AEA4C /* Main.storyboard */; };
		AE628E0B1E80E3BA009AEA4C /* Assets.xcassets in Resources */ = {isa = PBXBuildFile; fileRef = AE628E0A1E80E3BA009AEA4C /* Assets.xcassets */; };
		AE628E0E1E80E3BA009AEA4C /* LaunchScreen.storyboard in Resources */ = {isa = PBXBuildFile; fileRef = AE628E0C1E80E3BA009AEA4C /* LaunchScreen.storyboard */; };
		AE628E181E80EBD0009AEA4C /* MWTFoodStore.m in Sources */ = {isa = PBXBuildFile; fileRef = AE628E171E80EBD0009AEA4C /* MWTFoodStore.m */; };
		AE628E1B1E80EC7A009AEA4C /* MWTFood.m in Sources */ = {isa = PBXBuildFile; fileRef = AE628E1A1E80EC7A009AEA4C /* MWTFood.m */; };
		AE628E1F1E80F525009AEA4C /* MWTFoodTableViewCell.m in Sources */ = {isa = PBXBuildFile; fileRef = AE628E1E1E80F525009AEA4C /* MWTFoodTableViewCell.m */; };
		AE628E221E80FD74009AEA4C /* MWTFoodDetailViewController.m in Sources */ = {isa = PBXBuildFile; fileRef = AE628E211E80FD74009AEA4C /* MWTFoodDetailViewController.m */; };
		AEAD85261F4A6CCC006FE6C6 /* MWTFoodTests.m in Sources */ = {isa = PBXBuildFile; fileRef = AEAD85251F4A6CCC006FE6C6 /* MWTFoodTests.m */; };
		AEAD85281F4A9A4D006FE6C6 /* MWTFoodStoreTests.m in Sources */ = {isa = PBXBuildFile; fileRef = AEAD85271F4A9A4D006FE6C6 /* MWTFoodStoreTests.m */; };
		AEAD852C1F4AAC1E006FE6C6 /* libOCMock.a in Frameworks */ = {isa = PBXBuildFile; fileRef = AEAD852B1F4AAC1E006FE6C6 /* libOCMock.a */; };
		AEAD853B1F4AAF7D006FE6C6 /* MWTMacrosOverviewViewControllerTests.m in Sources */ = {isa = PBXBuildFile; fileRef = AEAD853A1F4AAF7D006FE6C6 /* MWTMacrosOverviewViewControllerTests.m */; };
/* End PBXBuildFile section */

/* Begin PBXContainerItemProxy section */
		AEAD851E1F4A6AC6006FE6C6 /* PBXContainerItemProxy */ = {
			isa = PBXContainerItemProxy;
			containerPortal = AE628DF31E80E3BA009AEA4C /* Project object */;
			proxyType = 1;
			remoteGlobalIDString = AE628DFA1E80E3BA009AEA4C;
			remoteInfo = MacrosWeightTracker;
		};
/* End PBXContainerItemProxy section */

/* Begin PBXFileReference section */
		4D62304217470791AC18B594 /* Pods-MacrosWeightTracker.release.xcconfig */ = {isa = PBXFileReference; includeInIndex = 1; lastKnownFileType = text.xcconfig; name = "Pods-MacrosWeightTracker.release.xcconfig"; path = "Pods/Target Support Files/Pods-MacrosWeightTracker/Pods-MacrosWeightTracker.release.xcconfig"; sourceTree = "<group>"; };
		7493B01AD6D56C4AB5097237 /* Pods-MacrosWeightTracker.debug.xcconfig */ = {isa = PBXFileReference; includeInIndex = 1; lastKnownFileType = text.xcconfig; name = "Pods-MacrosWeightTracker.debug.xcconfig"; path = "Pods/Target Support Files/Pods-MacrosWeightTracker/Pods-MacrosWeightTracker.debug.xcconfig"; sourceTree = "<group>"; };
		76997E1DB0C7B897225A9959 /* Pods_MacrosWeightTracker.framework */ = {isa = PBXFileReference; explicitFileType = wrapper.framework; includeInIndex = 0; path = Pods_MacrosWeightTracker.framework; sourceTree = BUILT_PRODUCTS_DIR; };
		AE5868131F2403DE00E7C782 /* MWTMacrosOverviewViewController.h */ = {isa = PBXFileReference; fileEncoding = 4; lastKnownFileType = sourcecode.c.h; path = MWTMacrosOverviewViewController.h; sourceTree = "<group>"; };
		AE5868141F2403DE00E7C782 /* MWTMacrosOverviewViewController.m */ = {isa = PBXFileReference; fileEncoding = 4; lastKnownFileType = sourcecode.c.objc; path = MWTMacrosOverviewViewController.m; sourceTree = "<group>"; };
		AE628DFB1E80E3BA009AEA4C /* MacrosWeightTracker.app */ = {isa = PBXFileReference; explicitFileType = wrapper.application; includeInIndex = 0; path = MacrosWeightTracker.app; sourceTree = BUILT_PRODUCTS_DIR; };
		AE628DFF1E80E3BA009AEA4C /* main.m */ = {isa = PBXFileReference; lastKnownFileType = sourcecode.c.objc; path = main.m; sourceTree = "<group>"; };
		AE628E011E80E3BA009AEA4C /* AppDelegate.h */ = {isa = PBXFileReference; lastKnownFileType = sourcecode.c.h; path = AppDelegate.h; sourceTree = "<group>"; };
		AE628E021E80E3BA009AEA4C /* AppDelegate.m */ = {isa = PBXFileReference; lastKnownFileType = sourcecode.c.objc; path = AppDelegate.m; sourceTree = "<group>"; };
		AE628E041E80E3BA009AEA4C /* MWTDailyMealViewController.h */ = {isa = PBXFileReference; lastKnownFileType = sourcecode.c.h; path = MWTDailyMealViewController.h; sourceTree = "<group>"; };
		AE628E051E80E3BA009AEA4C /* MWTDailyMealViewController.m */ = {isa = PBXFileReference; lastKnownFileType = sourcecode.c.objc; path = MWTDailyMealViewController.m; sourceTree = "<group>"; };
		AE628E081E80E3BA009AEA4C /* Base */ = {isa = PBXFileReference; lastKnownFileType = file.storyboard; name = Base; path = Base.lproj/Main.storyboard; sourceTree = "<group>"; };
		AE628E0A1E80E3BA009AEA4C /* Assets.xcassets */ = {isa = PBXFileReference; lastKnownFileType = folder.assetcatalog; path = Assets.xcassets; sourceTree = "<group>"; };
		AE628E0D1E80E3BA009AEA4C /* Base */ = {isa = PBXFileReference; lastKnownFileType = file.storyboard; name = Base; path = Base.lproj/LaunchScreen.storyboard; sourceTree = "<group>"; };
		AE628E0F1E80E3BA009AEA4C /* Info.plist */ = {isa = PBXFileReference; lastKnownFileType = text.plist.xml; path = Info.plist; sourceTree = "<group>"; };
		AE628E161E80EBD0009AEA4C /* MWTFoodStore.h */ = {isa = PBXFileReference; fileEncoding = 4; lastKnownFileType = sourcecode.c.h; path = MWTFoodStore.h; sourceTree = "<group>"; };
		AE628E171E80EBD0009AEA4C /* MWTFoodStore.m */ = {isa = PBXFileReference; fileEncoding = 4; lastKnownFileType = sourcecode.c.objc; path = MWTFoodStore.m; sourceTree = "<group>"; };
		AE628E191E80EC7A009AEA4C /* MWTFood.h */ = {isa = PBXFileReference; fileEncoding = 4; lastKnownFileType = sourcecode.c.h; path = MWTFood.h; sourceTree = "<group>"; };
		AE628E1A1E80EC7A009AEA4C /* MWTFood.m */ = {isa = PBXFileReference; fileEncoding = 4; lastKnownFileType = sourcecode.c.objc; path = MWTFood.m; sourceTree = "<group>"; };
		AE628E1D1E80F525009AEA4C /* MWTFoodTableViewCell.h */ = {isa = PBXFileReference; fileEncoding = 4; lastKnownFileType = sourcecode.c.h; path = MWTFoodTableViewCell.h; sourceTree = "<group>"; };
		AE628E1E1E80F525009AEA4C /* MWTFoodTableViewCell.m */ = {isa = PBXFileReference; fileEncoding = 4; lastKnownFileType = sourcecode.c.objc; path = MWTFoodTableViewCell.m; sourceTree = "<group>"; };
		AE628E201E80FD74009AEA4C /* MWTFoodDetailViewController.h */ = {isa = PBXFileReference; fileEncoding = 4; lastKnownFileType = sourcecode.c.h; path = MWTFoodDetailViewController.h; sourceTree = "<group>"; };
		AE628E211E80FD74009AEA4C /* MWTFoodDetailViewController.m */ = {isa = PBXFileReference; fileEncoding = 4; lastKnownFileType = sourcecode.c.objc; path = MWTFoodDetailViewController.m; sourceTree = "<group>"; };
		AEAD85191F4A6AC5006FE6C6 /* MacrosWeightTrackerTests.xctest */ = {isa = PBXFileReference; explicitFileType = wrapper.cfbundle; includeInIndex = 0; path = MacrosWeightTrackerTests.xctest; sourceTree = BUILT_PRODUCTS_DIR; };
		AEAD851D1F4A6AC6006FE6C6 /* Info.plist */ = {isa = PBXFileReference; lastKnownFileType = text.plist.xml; path = Info.plist; sourceTree = "<group>"; };
		AEAD85251F4A6CCC006FE6C6 /* MWTFoodTests.m */ = {isa = PBXFileReference; fileEncoding = 4; lastKnownFileType = sourcecode.c.objc; path = MWTFoodTests.m; sourceTree = "<group>"; };
		AEAD85271F4A9A4D006FE6C6 /* MWTFoodStoreTests.m */ = {isa = PBXFileReference; fileEncoding = 4; lastKnownFileType = sourcecode.c.objc; path = MWTFoodStoreTests.m; sourceTree = "<group>"; };
		AEAD852B1F4AAC1E006FE6C6 /* libOCMock.a */ = {isa = PBXFileReference; lastKnownFileType = archive.ar; path = libOCMock.a; sourceTree = "<group>"; };
		AEAD852E1F4AAC25006FE6C6 /* NSNotificationCenter+OCMAdditions.h */ = {isa = PBXFileReference; fileEncoding = 4; lastKnownFileType = sourcecode.c.h; path = "NSNotificationCenter+OCMAdditions.h"; sourceTree = "<group>"; };
		AEAD852F1F4AAC25006FE6C6 /* OCMArg.h */ = {isa = PBXFileReference; fileEncoding = 4; lastKnownFileType = sourcecode.c.h; path = OCMArg.h; sourceTree = "<group>"; };
		AEAD85301F4AAC25006FE6C6 /* OCMConstraint.h */ = {isa = PBXFileReference; fileEncoding = 4; lastKnownFileType = sourcecode.c.h; path = OCMConstraint.h; sourceTree = "<group>"; };
		AEAD85311F4AAC25006FE6C6 /* OCMFunctions.h */ = {isa = PBXFileReference; fileEncoding = 4; lastKnownFileType = sourcecode.c.h; path = OCMFunctions.h; sourceTree = "<group>"; };
		AEAD85321F4AAC25006FE6C6 /* OCMLocation.h */ = {isa = PBXFileReference; fileEncoding = 4; lastKnownFileType = sourcecode.c.h; path = OCMLocation.h; sourceTree = "<group>"; };
		AEAD85331F4AAC25006FE6C6 /* OCMMacroState.h */ = {isa = PBXFileReference; fileEncoding = 4; lastKnownFileType = sourcecode.c.h; path = OCMMacroState.h; sourceTree = "<group>"; };
		AEAD85341F4AAC25006FE6C6 /* OCMock.h */ = {isa = PBXFileReference; fileEncoding = 4; lastKnownFileType = sourcecode.c.h; path = OCMock.h; sourceTree = "<group>"; };
		AEAD85351F4AAC25006FE6C6 /* OCMockObject.h */ = {isa = PBXFileReference; fileEncoding = 4; lastKnownFileType = sourcecode.c.h; path = OCMockObject.h; sourceTree = "<group>"; };
		AEAD85361F4AAC25006FE6C6 /* OCMRecorder.h */ = {isa = PBXFileReference; fileEncoding = 4; lastKnownFileType = sourcecode.c.h; path = OCMRecorder.h; sourceTree = "<group>"; };
		AEAD85371F4AAC25006FE6C6 /* OCMStubRecorder.h */ = {isa = PBXFileReference; fileEncoding = 4; lastKnownFileType = sourcecode.c.h; path = OCMStubRecorder.h; sourceTree = "<group>"; };
		AEAD853A1F4AAF7D006FE6C6 /* MWTMacrosOverviewViewControllerTests.m */ = {isa = PBXFileReference; fileEncoding = 4; lastKnownFileType = sourcecode.c.objc; path = MWTMacrosOverviewViewControllerTests.m; sourceTree = "<group>"; };
/* End PBXFileReference section */

/* Begin PBXFrameworksBuildPhase section */
		AE628DF81E80E3BA009AEA4C /* Frameworks */ = {
			isa = PBXFrameworksBuildPhase;
			buildActionMask = 2147483647;
			files = (
				478CC2BD0F54D0B3E893484B /* Pods_MacrosWeightTracker.framework in Frameworks */,
			);
			runOnlyForDeploymentPostprocessing = 0;
		};
		AEAD85161F4A6AC5006FE6C6 /* Frameworks */ = {
			isa = PBXFrameworksBuildPhase;
			buildActionMask = 2147483647;
			files = (
				AEAD852C1F4AAC1E006FE6C6 /* libOCMock.a in Frameworks */,
			);
			runOnlyForDeploymentPostprocessing = 0;
		};
/* End PBXFrameworksBuildPhase section */

/* Begin PBXGroup section */
		0CCDA914A686A94D63CFEFAC /* Frameworks */ = {
			isa = PBXGroup;
			children = (
				76997E1DB0C7B897225A9959 /* Pods_MacrosWeightTracker.framework */,
			);
			name = Frameworks;
			sourceTree = "<group>";
		};
		204E1EAFD40159CEC7FF6DEA /* Pods */ = {
			isa = PBXGroup;
			children = (
				7493B01AD6D56C4AB5097237 /* Pods-MacrosWeightTracker.debug.xcconfig */,
				4D62304217470791AC18B594 /* Pods-MacrosWeightTracker.release.xcconfig */,
			);
			name = Pods;
			sourceTree = "<group>";
		};
		AE628DF21E80E3BA009AEA4C = {
			isa = PBXGroup;
			children = (
				AE628DFD1E80E3BA009AEA4C /* MacrosWeightTracker */,
				AEAD851A1F4A6AC6006FE6C6 /* MacrosWeightTrackerTests */,
				AE628DFC1E80E3BA009AEA4C /* Products */,
				204E1EAFD40159CEC7FF6DEA /* Pods */,
				0CCDA914A686A94D63CFEFAC /* Frameworks */,
			);
			sourceTree = "<group>";
		};
		AE628DFC1E80E3BA009AEA4C /* Products */ = {
			isa = PBXGroup;
			children = (
				AE628DFB1E80E3BA009AEA4C /* MacrosWeightTracker.app */,
				AEAD85191F4A6AC5006FE6C6 /* MacrosWeightTrackerTests.xctest */,
			);
			name = Products;
			sourceTree = "<group>";
		};
		AE628DFD1E80E3BA009AEA4C /* MacrosWeightTracker */ = {
			isa = PBXGroup;
			children = (
				AE628E011E80E3BA009AEA4C /* AppDelegate.h */,
				AE628E021E80E3BA009AEA4C /* AppDelegate.m */,
				AE628E151E80E450009AEA4C /* View Controllers */,
				AE628E1C1E80F4B6009AEA4C /* Models */,
				AE628E071E80E3BA009AEA4C /* Main.storyboard */,
				AE628E0A1E80E3BA009AEA4C /* Assets.xcassets */,
				AE628E0C1E80E3BA009AEA4C /* LaunchScreen.storyboard */,
				AE628E0F1E80E3BA009AEA4C /* Info.plist */,
				AE628DFE1E80E3BA009AEA4C /* Supporting Files */,
			);
			path = MacrosWeightTracker;
			sourceTree = "<group>";
		};
		AE628DFE1E80E3BA009AEA4C /* Supporting Files */ = {
			isa = PBXGroup;
			children = (
				AE628DFF1E80E3BA009AEA4C /* main.m */,
			);
			name = "Supporting Files";
			sourceTree = "<group>";
		};
		AE628E151E80E450009AEA4C /* View Controllers */ = {
			isa = PBXGroup;
			children = (
				AE628E201E80FD74009AEA4C /* MWTFoodDetailViewController.h */,
				AE628E211E80FD74009AEA4C /* MWTFoodDetailViewController.m */,
				AE628E041E80E3BA009AEA4C /* MWTDailyMealViewController.h */,
				AE628E051E80E3BA009AEA4C /* MWTDailyMealViewController.m */,
				AE5868131F2403DE00E7C782 /* MWTMacrosOverviewViewController.h */,
				AE5868141F2403DE00E7C782 /* MWTMacrosOverviewViewController.m */,
			);
			name = "View Controllers";
			sourceTree = "<group>";
		};
		AE628E1C1E80F4B6009AEA4C /* Models */ = {
			isa = PBXGroup;
			children = (
				AE628E191E80EC7A009AEA4C /* MWTFood.h */,
				AE628E1A1E80EC7A009AEA4C /* MWTFood.m */,
				AE628E161E80EBD0009AEA4C /* MWTFoodStore.h */,
				AE628E171E80EBD0009AEA4C /* MWTFoodStore.m */,
				AE628E1D1E80F525009AEA4C /* MWTFoodTableViewCell.h */,
				AE628E1E1E80F525009AEA4C /* MWTFoodTableViewCell.m */,
			);
			name = Models;
			sourceTree = "<group>";
		};
		AEAD851A1F4A6AC6006FE6C6 /* MacrosWeightTrackerTests */ = {
			isa = PBXGroup;
			children = (
				AEAD85291F4AAC0D006FE6C6 /* Dependencies */,
				AEAD853A1F4AAF7D006FE6C6 /* MWTMacrosOverviewViewControllerTests.m */,
				AEAD85271F4A9A4D006FE6C6 /* MWTFoodStoreTests.m */,
				AEAD85251F4A6CCC006FE6C6 /* MWTFoodTests.m */,
				AEAD851D1F4A6AC6006FE6C6 /* Info.plist */,
			);
			path = MacrosWeightTrackerTests;
			sourceTree = "<group>";
		};
		AEAD85291F4AAC0D006FE6C6 /* Dependencies */ = {
			isa = PBXGroup;
			children = (
				AEAD852D1F4AAC25006FE6C6 /* OCMock */,
				AEAD852A1F4AAC15006FE6C6 /* lib */,
			);
			name = Dependencies;
			sourceTree = "<group>";
		};
		AEAD852A1F4AAC15006FE6C6 /* lib */ = {
			isa = PBXGroup;
			children = (
				AEAD852B1F4AAC1E006FE6C6 /* libOCMock.a */,
			);
			name = lib;
			sourceTree = "<group>";
		};
		AEAD852D1F4AAC25006FE6C6 /* OCMock */ = {
			isa = PBXGroup;
			children = (
				AEAD852E1F4AAC25006FE6C6 /* NSNotificationCenter+OCMAdditions.h */,
				AEAD852F1F4AAC25006FE6C6 /* OCMArg.h */,
				AEAD85301F4AAC25006FE6C6 /* OCMConstraint.h */,
				AEAD85311F4AAC25006FE6C6 /* OCMFunctions.h */,
				AEAD85321F4AAC25006FE6C6 /* OCMLocation.h */,
				AEAD85331F4AAC25006FE6C6 /* OCMMacroState.h */,
				AEAD85341F4AAC25006FE6C6 /* OCMock.h */,
				AEAD85351F4AAC25006FE6C6 /* OCMockObject.h */,
				AEAD85361F4AAC25006FE6C6 /* OCMRecorder.h */,
				AEAD85371F4AAC25006FE6C6 /* OCMStubRecorder.h */,
			);
			path = OCMock;
			sourceTree = "<group>";
		};
/* End PBXGroup section */

/* Begin PBXNativeTarget section */
		AE628DFA1E80E3BA009AEA4C /* MacrosWeightTracker */ = {
			isa = PBXNativeTarget;
			buildConfigurationList = AE628E121E80E3BA009AEA4C /* Build configuration list for PBXNativeTarget "MacrosWeightTracker" */;
			buildPhases = (
				759EB37C3B33A9834EB45AC4 /* [CP] Check Pods Manifest.lock */,
				AE628DF71E80E3BA009AEA4C /* Sources */,
				AE628DF81E80E3BA009AEA4C /* Frameworks */,
				AE628DF91E80E3BA009AEA4C /* Resources */,
				07B0ADE61BA398DC65863274 /* [CP] Embed Pods Frameworks */,
				70809B047A106BD4D4AD00D4 /* [CP] Copy Pods Resources */,
			);
			buildRules = (
			);
			dependencies = (
			);
			name = MacrosWeightTracker;
			productName = MacrosWeightTracker;
			productReference = AE628DFB1E80E3BA009AEA4C /* MacrosWeightTracker.app */;
			productType = "com.apple.product-type.application";
		};
		AEAD85181F4A6AC5006FE6C6 /* MacrosWeightTrackerTests */ = {
			isa = PBXNativeTarget;
			buildConfigurationList = AEAD85201F4A6AC6006FE6C6 /* Build configuration list for PBXNativeTarget "MacrosWeightTrackerTests" */;
			buildPhases = (
				AEAD85151F4A6AC5006FE6C6 /* Sources */,
				AEAD85161F4A6AC5006FE6C6 /* Frameworks */,
				AEAD85171F4A6AC5006FE6C6 /* Resources */,
			);
			buildRules = (
			);
			dependencies = (
				AEAD851F1F4A6AC6006FE6C6 /* PBXTargetDependency */,
			);
			name = MacrosWeightTrackerTests;
			productName = MacrosWeightTrackerTests;
			productReference = AEAD85191F4A6AC5006FE6C6 /* MacrosWeightTrackerTests.xctest */;
			productType = "com.apple.product-type.bundle.unit-test";
		};
/* End PBXNativeTarget section */

/* Begin PBXProject section */
		AE628DF31E80E3BA009AEA4C /* Project object */ = {
			isa = PBXProject;
			attributes = {
				LastUpgradeCheck = 0820;
				ORGANIZATIONNAME = "Yangzi He";
				TargetAttributes = {
					AE628DFA1E80E3BA009AEA4C = {
						CreatedOnToolsVersion = 8.2.1;
						DevelopmentTeam = 842V9DJGLU;
						ProvisioningStyle = Automatic;
					};
					AEAD85181F4A6AC5006FE6C6 = {
						CreatedOnToolsVersion = 8.3.3;
						DevelopmentTeam = 842V9DJGLU;
						ProvisioningStyle = Automatic;
						TestTargetID = AE628DFA1E80E3BA009AEA4C;
					};
				};
			};
			buildConfigurationList = AE628DF61E80E3BA009AEA4C /* Build configuration list for PBXProject "MacrosWeightTracker" */;
			compatibilityVersion = "Xcode 3.2";
			developmentRegion = English;
			hasScannedForEncodings = 0;
			knownRegions = (
				en,
				Base,
			);
			mainGroup = AE628DF21E80E3BA009AEA4C;
			productRefGroup = AE628DFC1E80E3BA009AEA4C /* Products */;
			projectDirPath = "";
			projectRoot = "";
			targets = (
				AE628DFA1E80E3BA009AEA4C /* MacrosWeightTracker */,
				AEAD85181F4A6AC5006FE6C6 /* MacrosWeightTrackerTests */,
			);
		};
/* End PBXProject section */

/* Begin PBXResourcesBuildPhase section */
		AE628DF91E80E3BA009AEA4C /* Resources */ = {
			isa = PBXResourcesBuildPhase;
			buildActionMask = 2147483647;
			files = (
				AE628E0E1E80E3BA009AEA4C /* LaunchScreen.storyboard in Resources */,
				AE628E0B1E80E3BA009AEA4C /* Assets.xcassets in Resources */,
				AE628E091E80E3BA009AEA4C /* Main.storyboard in Resources */,
			);
			runOnlyForDeploymentPostprocessing = 0;
		};
		AEAD85171F4A6AC5006FE6C6 /* Resources */ = {
			isa = PBXResourcesBuildPhase;
			buildActionMask = 2147483647;
			files = (
			);
			runOnlyForDeploymentPostprocessing = 0;
		};
/* End PBXResourcesBuildPhase section */

/* Begin PBXShellScriptBuildPhase section */
		07B0ADE61BA398DC65863274 /* [CP] Embed Pods Frameworks */ = {
			isa = PBXShellScriptBuildPhase;
			buildActionMask = 2147483647;
			files = (
			);
			inputPaths = (
			);
			name = "[CP] Embed Pods Frameworks";
			outputPaths = (
			);
			runOnlyForDeploymentPostprocessing = 0;
			shellPath = /bin/sh;
			shellScript = "\"${SRCROOT}/Pods/Target Support Files/Pods-MacrosWeightTracker/Pods-MacrosWeightTracker-frameworks.sh\"\n";
			showEnvVarsInLog = 0;
		};
		70809B047A106BD4D4AD00D4 /* [CP] Copy Pods Resources */ = {
			isa = PBXShellScriptBuildPhase;
			buildActionMask = 2147483647;
			files = (
			);
			inputPaths = (
			);
			name = "[CP] Copy Pods Resources";
			outputPaths = (
			);
			runOnlyForDeploymentPostprocessing = 0;
			shellPath = /bin/sh;
			shellScript = "\"${SRCROOT}/Pods/Target Support Files/Pods-MacrosWeightTracker/Pods-MacrosWeightTracker-resources.sh\"\n";
			showEnvVarsInLog = 0;
		};
		759EB37C3B33A9834EB45AC4 /* [CP] Check Pods Manifest.lock */ = {
			isa = PBXShellScriptBuildPhase;
			buildActionMask = 2147483647;
			files = (
			);
			inputPaths = (
			);
			name = "[CP] Check Pods Manifest.lock";
			outputPaths = (
			);
			runOnlyForDeploymentPostprocessing = 0;
			shellPath = /bin/sh;
			shellScript = "diff \"${PODS_PODFILE_DIR_PATH}/Podfile.lock\" \"${PODS_ROOT}/Manifest.lock\" > /dev/null\nif [ $? != 0 ] ; then\n    # print error to STDERR\n    echo \"error: The sandbox is not in sync with the Podfile.lock. Run 'pod install' or update your CocoaPods installation.\" >&2\n    exit 1\nfi\n";
			showEnvVarsInLog = 0;
		};
/* End PBXShellScriptBuildPhase section */

/* Begin PBXSourcesBuildPhase section */
		AE628DF71E80E3BA009AEA4C /* Sources */ = {
			isa = PBXSourcesBuildPhase;
			buildActionMask = 2147483647;
			files = (
				AE628E1B1E80EC7A009AEA4C /* MWTFood.m in Sources */,
				AE5868151F2403DE00E7C782 /* MWTMacrosOverviewViewController.m in Sources */,
				AE628E061E80E3BA009AEA4C /* MWTDailyMealViewController.m in Sources */,
				AE628E031E80E3BA009AEA4C /* AppDelegate.m in Sources */,
				AE628E1F1E80F525009AEA4C /* MWTFoodTableViewCell.m in Sources */,
				AE628E001E80E3BA009AEA4C /* main.m in Sources */,
				AE628E221E80FD74009AEA4C /* MWTFoodDetailViewController.m in Sources */,
				AE628E181E80EBD0009AEA4C /* MWTFoodStore.m in Sources */,
			);
			runOnlyForDeploymentPostprocessing = 0;
		};
		AEAD85151F4A6AC5006FE6C6 /* Sources */ = {
			isa = PBXSourcesBuildPhase;
			buildActionMask = 2147483647;
			files = (
				AEAD85281F4A9A4D006FE6C6 /* MWTFoodStoreTests.m in Sources */,
				AEAD85261F4A6CCC006FE6C6 /* MWTFoodTests.m in Sources */,
				AEAD853B1F4AAF7D006FE6C6 /* MWTMacrosOverviewViewControllerTests.m in Sources */,
			);
			runOnlyForDeploymentPostprocessing = 0;
		};
/* End PBXSourcesBuildPhase section */

/* Begin PBXTargetDependency section */
		AEAD851F1F4A6AC6006FE6C6 /* PBXTargetDependency */ = {
			isa = PBXTargetDependency;
			target = AE628DFA1E80E3BA009AEA4C /* MacrosWeightTracker */;
			targetProxy = AEAD851E1F4A6AC6006FE6C6 /* PBXContainerItemProxy */;
		};
/* End PBXTargetDependency section */

/* Begin PBXVariantGroup section */
		AE628E071E80E3BA009AEA4C /* Main.storyboard */ = {
			isa = PBXVariantGroup;
			children = (
				AE628E081E80E3BA009AEA4C /* Base */,
			);
			name = Main.storyboard;
			sourceTree = "<group>";
		};
		AE628E0C1E80E3BA009AEA4C /* LaunchScreen.storyboard */ = {
			isa = PBXVariantGroup;
			children = (
				AE628E0D1E80E3BA009AEA4C /* Base */,
			);
			name = LaunchScreen.storyboard;
			sourceTree = "<group>";
		};
/* End PBXVariantGroup section */

/* Begin XCBuildConfiguration section */
		AE628E101E80E3BA009AEA4C /* Debug */ = {
			isa = XCBuildConfiguration;
			buildSettings = {
				ALWAYS_SEARCH_USER_PATHS = NO;
				CLANG_ANALYZER_NONNULL = YES;
				CLANG_CXX_LANGUAGE_STANDARD = "gnu++0x";
				CLANG_CXX_LIBRARY = "libc++";
				CLANG_ENABLE_MODULES = YES;
				CLANG_ENABLE_OBJC_ARC = YES;
				CLANG_WARN_BOOL_CONVERSION = YES;
				CLANG_WARN_CONSTANT_CONVERSION = YES;
				CLANG_WARN_DIRECT_OBJC_ISA_USAGE = YES_ERROR;
				CLANG_WARN_DOCUMENTATION_COMMENTS = YES;
				CLANG_WARN_EMPTY_BODY = YES;
				CLANG_WARN_ENUM_CONVERSION = YES;
				CLANG_WARN_INFINITE_RECURSION = YES;
				CLANG_WARN_INT_CONVERSION = YES;
				CLANG_WARN_OBJC_ROOT_CLASS = YES_ERROR;
				CLANG_WARN_SUSPICIOUS_MOVE = YES;
				CLANG_WARN_UNREACHABLE_CODE = YES;
				CLANG_WARN__DUPLICATE_METHOD_MATCH = YES;
				"CODE_SIGN_IDENTITY[sdk=iphoneos*]" = "iPhone Developer";
				COPY_PHASE_STRIP = NO;
				DEBUG_INFORMATION_FORMAT = dwarf;
				ENABLE_STRICT_OBJC_MSGSEND = YES;
				ENABLE_TESTABILITY = YES;
				GCC_C_LANGUAGE_STANDARD = gnu99;
				GCC_DYNAMIC_NO_PIC = NO;
				GCC_NO_COMMON_BLOCKS = YES;
				GCC_OPTIMIZATION_LEVEL = 0;
				GCC_PREPROCESSOR_DEFINITIONS = (
					"DEBUG=1",
					"$(inherited)",
				);
				GCC_WARN_64_TO_32_BIT_CONVERSION = YES;
				GCC_WARN_ABOUT_RETURN_TYPE = YES_ERROR;
				GCC_WARN_UNDECLARED_SELECTOR = YES;
				GCC_WARN_UNINITIALIZED_AUTOS = YES_AGGRESSIVE;
				GCC_WARN_UNUSED_FUNCTION = YES;
				GCC_WARN_UNUSED_VARIABLE = YES;
				IPHONEOS_DEPLOYMENT_TARGET = 10.2;
				MTL_ENABLE_DEBUG_INFO = YES;
				ONLY_ACTIVE_ARCH = YES;
				SDKROOT = iphoneos;
			};
			name = Debug;
		};
		AE628E111E80E3BA009AEA4C /* Release */ = {
			isa = XCBuildConfiguration;
			buildSettings = {
				ALWAYS_SEARCH_USER_PATHS = NO;
				CLANG_ANALYZER_NONNULL = YES;
				CLANG_CXX_LANGUAGE_STANDARD = "gnu++0x";
				CLANG_CXX_LIBRARY = "libc++";
				CLANG_ENABLE_MODULES = YES;
				CLANG_ENABLE_OBJC_ARC = YES;
				CLANG_WARN_BOOL_CONVERSION = YES;
				CLANG_WARN_CONSTANT_CONVERSION = YES;
				CLANG_WARN_DIRECT_OBJC_ISA_USAGE = YES_ERROR;
				CLANG_WARN_DOCUMENTATION_COMMENTS = YES;
				CLANG_WARN_EMPTY_BODY = YES;
				CLANG_WARN_ENUM_CONVERSION = YES;
				CLANG_WARN_INFINITE_RECURSION = YES;
				CLANG_WARN_INT_CONVERSION = YES;
				CLANG_WARN_OBJC_ROOT_CLASS = YES_ERROR;
				CLANG_WARN_SUSPICIOUS_MOVE = YES;
				CLANG_WARN_UNREACHABLE_CODE = YES;
				CLANG_WARN__DUPLICATE_METHOD_MATCH = YES;
				"CODE_SIGN_IDENTITY[sdk=iphoneos*]" = "iPhone Developer";
				COPY_PHASE_STRIP = NO;
				DEBUG_INFORMATION_FORMAT = "dwarf-with-dsym";
				ENABLE_NS_ASSERTIONS = NO;
				ENABLE_STRICT_OBJC_MSGSEND = YES;
				GCC_C_LANGUAGE_STANDARD = gnu99;
				GCC_NO_COMMON_BLOCKS = YES;
				GCC_WARN_64_TO_32_BIT_CONVERSION = YES;
				GCC_WARN_ABOUT_RETURN_TYPE = YES_ERROR;
				GCC_WARN_UNDECLARED_SELECTOR = YES;
				GCC_WARN_UNINITIALIZED_AUTOS = YES_AGGRESSIVE;
				GCC_WARN_UNUSED_FUNCTION = YES;
				GCC_WARN_UNUSED_VARIABLE = YES;
				IPHONEOS_DEPLOYMENT_TARGET = 10.2;
				MTL_ENABLE_DEBUG_INFO = NO;
				SDKROOT = iphoneos;
				VALIDATE_PRODUCT = YES;
			};
			name = Release;
		};
		AE628E131E80E3BA009AEA4C /* Debug */ = {
			isa = XCBuildConfiguration;
			baseConfigurationReference = 7493B01AD6D56C4AB5097237 /* Pods-MacrosWeightTracker.debug.xcconfig */;
			buildSettings = {
				ASSETCATALOG_COMPILER_APPICON_NAME = AppIcon;
				DEVELOPMENT_TEAM = 842V9DJGLU;
				INFOPLIST_FILE = MacrosWeightTracker/Info.plist;
				IPHONEOS_DEPLOYMENT_TARGET = 8.0;
				LD_RUNPATH_SEARCH_PATHS = "$(inherited) @executable_path/Frameworks";
				PRODUCT_BUNDLE_IDENTIFIER = com.theyangziriver.MacrosWeightTracker;
				PRODUCT_NAME = "$(TARGET_NAME)";
			};
			name = Debug;
		};
		AE628E141E80E3BA009AEA4C /* Release */ = {
			isa = XCBuildConfiguration;
			baseConfigurationReference = 4D62304217470791AC18B594 /* Pods-MacrosWeightTracker.release.xcconfig */;
			buildSettings = {
				ASSETCATALOG_COMPILER_APPICON_NAME = AppIcon;
				DEVELOPMENT_TEAM = 842V9DJGLU;
				INFOPLIST_FILE = MacrosWeightTracker/Info.plist;
				IPHONEOS_DEPLOYMENT_TARGET = 8.0;
				LD_RUNPATH_SEARCH_PATHS = "$(inherited) @executable_path/Frameworks";
				PRODUCT_BUNDLE_IDENTIFIER = com.theyangziriver.MacrosWeightTracker;
				PRODUCT_NAME = "$(TARGET_NAME)";
			};
			name = Release;
		};
		AEAD85211F4A6AC6006FE6C6 /* Debug */ = {
			isa = XCBuildConfiguration;
			buildSettings = {
				BUNDLE_LOADER = "$(TEST_HOST)";
				CLANG_ANALYZER_NUMBER_OBJECT_CONVERSION = YES_AGGRESSIVE;
				DEVELOPMENT_TEAM = 842V9DJGLU;
				HEADER_SEARCH_PATHS = "$(PROJECT_DIR)/MacrosWeightTrackerTests";
				INFOPLIST_FILE = MacrosWeightTrackerTests/Info.plist;
				IPHONEOS_DEPLOYMENT_TARGET = 10.3;
				LD_RUNPATH_SEARCH_PATHS = "$(inherited) @executable_path/Frameworks @loader_path/Frameworks";
				LIBRARY_SEARCH_PATHS = (
					"$(inherited)",
					"$(PROJECT_DIR)/MacrosWeightTrackerTests",
				);
				OTHER_LDFLAGS = (
					"-framework",
					XCTest,
					"-ObjC",
				);
				PRODUCT_BUNDLE_IDENTIFIER = com.theyangziriver.MacrosWeightTrackerTests;
				PRODUCT_NAME = "$(TARGET_NAME)";
				TEST_HOST = "$(BUILT_PRODUCTS_DIR)/MacrosWeightTracker.app/MacrosWeightTracker";
			};
			name = Debug;
		};
		AEAD85221F4A6AC6006FE6C6 /* Release */ = {
			isa = XCBuildConfiguration;
			buildSettings = {
				BUNDLE_LOADER = "$(TEST_HOST)";
				CLANG_ANALYZER_NUMBER_OBJECT_CONVERSION = YES_AGGRESSIVE;
				DEVELOPMENT_TEAM = 842V9DJGLU;
				HEADER_SEARCH_PATHS = "$(PROJECT_DIR)/MacrosWeightTrackerTests";
				INFOPLIST_FILE = MacrosWeightTrackerTests/Info.plist;
				IPHONEOS_DEPLOYMENT_TARGET = 10.3;
				LD_RUNPATH_SEARCH_PATHS = "$(inherited) @executable_path/Frameworks @loader_path/Frameworks";
				LIBRARY_SEARCH_PATHS = (
					"$(inherited)",
					"$(PROJECT_DIR)/MacrosWeightTrackerTests",
				);
				OTHER_LDFLAGS = (
					"-framework",
					XCTest,
					"-ObjC",
				);
				PRODUCT_BUNDLE_IDENTIFIER = com.theyangziriver.MacrosWeightTrackerTests;
				PRODUCT_NAME = "$(TARGET_NAME)";
				TEST_HOST = "$(BUILT_PRODUCTS_DIR)/MacrosWeightTracker.app/MacrosWeightTracker";
			};
			name = Release;
		};
/* End XCBuildConfiguration section */

/* Begin XCConfigurationList section */
		AE628DF61E80E3BA009AEA4C /* Build configuration list for PBXProject "MacrosWeightTracker" */ = {
			isa = XCConfigurationList;
			buildConfigurations = (
				AE628E101E80E3BA009AEA4C /* Debug */,
				AE628E111E80E3BA009AEA4C /* Release */,
			);
			defaultConfigurationIsVisible = 0;
			defaultConfigurationName = Release;
		};
		AE628E121E80E3BA009AEA4C /* Build configuration list for PBXNativeTarget "MacrosWeightTracker" */ = {
			isa = XCConfigurationList;
			buildConfigurations = (
				AE628E131E80E3BA009AEA4C /* Debug */,
				AE628E141E80E3BA009AEA4C /* Release */,
			);
			defaultConfigurationIsVisible = 0;
			defaultConfigurationName = Release;
		};
		AEAD85201F4A6AC6006FE6C6 /* Build configuration list for PBXNativeTarget "MacrosWeightTrackerTests" */ = {
			isa = XCConfigurationList;
			buildConfigurations = (
				AEAD85211F4A6AC6006FE6C6 /* Debug */,
				AEAD85221F4A6AC6006FE6C6 /* Release */,
			);
			defaultConfigurationIsVisible = 0;
			defaultConfigurationName = Release;
		};
/* End XCConfigurationList section */
	};
	rootObject = AE628DF31E80E3BA009AEA4C /* Project object */;
}
